{
  "requires": true,
  "lockfileVersion": 1,
  "dependencies": {
    "@nomadic-labs/secp256k1wasm": {
      "version": "1.0.34",
      "resolved": "https://gitlab.com/api/v4/projects/25020679/packages/npm/@nomadic-labs/secp256k1wasm/-/@nomadic-labs/secp256k1wasm-1.0.34.tgz",
      "integrity": "sha1-nzIFeCyPPxUFN4n4NMqpaV+VYYE="
    }
  }
}
